
Microsoft Visual Studio Solution File, Format Version 12.00
# Visual Studio 15
VisualStudioVersion = 15.0.26403.7
MinimumVisualStudioVersion = 10.0.40219.1
Project("{FAE04EC0-301F-11D3-BF4B-00C04F79EFBC}") = "SheepAspect", "SheepAspect\SheepAspect.csproj", "{CE5B9AF0-03CA-444E-B98C-6AF36696A708}"
EndProject
Project("{FAE04EC0-301F-11D3-BF4B-00C04F79EFBC}") = "SheepAspect.UnitTest", "SheepAspect.UnitTest\SheepAspect.UnitTest.csproj", "{94912F05-4DD9-465B-8EC4-649895C817E4}"
EndProject
Project("{FAE04EC0-301F-11D3-BF4B-00C04F79EFBC}") = "SheepAspect.Tasks", "SheepAspect.Tasks\SheepAspect.Tasks.csproj", "{7AE91132-4991-46D0-8AD1-F2BD5B334C0C}"
EndProject
Project("{2150E333-8FDC-42A3-9474-1A3956D46DE8}") = "ReferencedAssemblies", "ReferencedAssemblies", "{D37C5629-0FA7-434D-93F9-10D0FDE79731}"
	ProjectSection(SolutionItems) = preProject
		ReferenceAssemblies\Antlr3.Runtime.dll = ReferenceAssemblies\Antlr3.Runtime.dll
		ReferenceAssemblies\Moq.dll = ReferenceAssemblies\Moq.dll
		ReferenceAssemblies\Moq.pdb = ReferenceAssemblies\Moq.pdb
		ReferenceAssemblies\Moq.xml = ReferenceAssemblies\Moq.xml
		ReferenceAssemblies\NUnit-2.6.0.11340\nunit.core.dll = ReferenceAssemblies\NUnit-2.6.0.11340\nunit.core.dll
		ReferenceAssemblies\NUnit-2.6.0.11340\nunit.core.interfaces.dll = ReferenceAssemblies\NUnit-2.6.0.11340\nunit.core.interfaces.dll
		ReferenceAssemblies\NUnit-2.6.0.11340\nunit.framework.dll = ReferenceAssemblies\NUnit-2.6.0.11340\nunit.framework.dll
		ReferenceAssemblies\NUnit-2.6.0.11340\nunit.framework.xml = ReferenceAssemblies\NUnit-2.6.0.11340\nunit.framework.xml
		ReferenceAssemblies\NUnit-2.6.0.11340\nunit.mocks.dll = ReferenceAssemblies\NUnit-2.6.0.11340\nunit.mocks.dll
		ReferenceAssemblies\NUnit-2.6.0.11340\nunit.util.dll = ReferenceAssemblies\NUnit-2.6.0.11340\nunit.util.dll
		ReferenceAssemblies\NUnit-2.6.0.11340\pnunit.framework.dll = ReferenceAssemblies\NUnit-2.6.0.11340\pnunit.framework.dll
	EndProjectSection
EndProject
Project("{FAE04EC0-301F-11D3-BF4B-00C04F79EFBC}") = "SheepAspectQueryAnalyzer", "SheepAspectQueryAnalyzer\SheepAspectQueryAnalyzer.csproj", "{E5FCD204-92CB-4BF5-8018-4536C7052725}"
EndProject
Project("{FAE04EC0-301F-11D3-BF4B-00C04F79EFBC}") = "SheepAspectQueryAnalyzer.Test", "SheepAspectQueryAnalyzer.Test\SheepAspectQueryAnalyzer.Test.csproj", "{2B1042B7-7F30-4AE4-9D55-CA9C0DF9F1BC}"
EndProject
Project("{2150E333-8FDC-42A3-9474-1A3956D46DE8}") = "NugetItems", "NugetItems", "{E063ED20-FECD-4A40-B791-4897D1C32A1F}"
	ProjectSection(SolutionItems) = preProject
		NugetItems\NuGet.exe = NugetItems\NuGet.exe
		NugetItems\Package.bat = NugetItems\Package.bat
		NugetItems\SheepAspect.nuspec = NugetItems\SheepAspect.nuspec
	EndProjectSection
EndProject
Project("{2150E333-8FDC-42A3-9474-1A3956D46DE8}") = "Tools", "Tools", "{18112502-4BE5-4A85-845E-FD614A052298}"
	ProjectSection(SolutionItems) = preProject
		NugetItems\Tools\install.ps1 = NugetItems\Tools\install.ps1
		NugetItems\Tools\SheepAspect.Targets = NugetItems\Tools\SheepAspect.Targets
		NugetItems\Tools\uninstall.ps1 = NugetItems\Tools\uninstall.ps1
	EndProjectSection
EndProject
Project("{2150E333-8FDC-42A3-9474-1A3956D46DE8}") = "Contents", "Contents", "{ED37F772-6D56-4BFF-B1D0-3B9AB26B4951}"
	ProjectSection(SolutionItems) = preProject
		NugetItems\Content\SheepAspect.config.pp = NugetItems\Content\SheepAspect.config.pp
	EndProjectSection
EndProject
Project("{2150E333-8FDC-42A3-9474-1A3956D46DE8}") = "Aspects", "Aspects", "{3E523078-3B25-4FAC-8303-8AB619E1AEB1}"
	ProjectSection(SolutionItems) = preProject
		NugetItems\Content\Aspects\SampleAspect.cs.pp = NugetItems\Content\Aspects\SampleAspect.cs.pp
	EndProjectSection
EndProject
Project("{FAE04EC0-301F-11D3-BF4B-00C04F79EFBC}") = "SheepAspect.Commons", "SheepAspect.Commons\SheepAspect.Commons.csproj", "{33054796-48F2-4F9C-8E25-4EAEEAE8D4A7}"
EndProject
Project("{FAE04EC0-301F-11D3-BF4B-00C04F79EFBC}") = "SheepAspect.Commons.Test", "SheepAspect.Commons.Test\SheepAspect.Commons.Test.csproj", "{170DDC4D-468D-40CF-B9E0-D48907E9C3E9}"
EndProject
Project("{FAE04EC0-301F-11D3-BF4B-00C04F79EFBC}") = "Driver", "Driver\Driver.csproj", "{316FD3F5-DFB1-421D-B109-61E18CCF0209}"
EndProject
Global
	GlobalSection(SolutionConfigurationPlatforms) = preSolution
		Debug|Any CPU = Debug|Any CPU
		Debug|Mixed Platforms = Debug|Mixed Platforms
		Debug|x86 = Debug|x86
		Release|Any CPU = Release|Any CPU
		Release|Mixed Platforms = Release|Mixed Platforms
		Release|x86 = Release|x86
	EndGlobalSection
	GlobalSection(ProjectConfigurationPlatforms) = postSolution
		{CE5B9AF0-03CA-444E-B98C-6AF36696A708}.Debug|Any CPU.ActiveCfg = Debug|Any CPU
		{CE5B9AF0-03CA-444E-B98C-6AF36696A708}.Debug|Any CPU.Build.0 = Debug|Any CPU
		{CE5B9AF0-03CA-444E-B98C-6AF36696A708}.Debug|Mixed Platforms.ActiveCfg = Debug|Any CPU
		{CE5B9AF0-03CA-444E-B98C-6AF36696A708}.Debug|Mixed Platforms.Build.0 = Debug|Any CPU
		{CE5B9AF0-03CA-444E-B98C-6AF36696A708}.Debug|x86.ActiveCfg = Debug|Any CPU
		{CE5B9AF0-03CA-444E-B98C-6AF36696A708}.Release|Any CPU.ActiveCfg = Release|Any CPU
		{CE5B9AF0-03CA-444E-B98C-6AF36696A708}.Release|Any CPU.Build.0 = Release|Any CPU
		{CE5B9AF0-03CA-444E-B98C-6AF36696A708}.Release|Mixed Platforms.ActiveCfg = Release|Any CPU
		{CE5B9AF0-03CA-444E-B98C-6AF36696A708}.Release|Mixed Platforms.Build.0 = Release|Any CPU
		{CE5B9AF0-03CA-444E-B98C-6AF36696A708}.Release|x86.ActiveCfg = Release|Any CPU
		{94912F05-4DD9-465B-8EC4-649895C817E4}.Debug|Any CPU.ActiveCfg = Debug|Any CPU
		{94912F05-4DD9-465B-8EC4-649895C817E4}.Debug|Any CPU.Build.0 = Debug|Any CPU
		{94912F05-4DD9-465B-8EC4-649895C817E4}.Debug|Mixed Platforms.ActiveCfg = Debug|Any CPU
		{94912F05-4DD9-465B-8EC4-649895C817E4}.Debug|Mixed Platforms.Build.0 = Debug|Any CPU
		{94912F05-4DD9-465B-8EC4-649895C817E4}.Debug|x86.ActiveCfg = Debug|Any CPU
		{94912F05-4DD9-465B-8EC4-649895C817E4}.Release|Any CPU.ActiveCfg = Release|Any CPU
		{94912F05-4DD9-465B-8EC4-649895C817E4}.Release|Any CPU.Build.0 = Release|Any CPU
		{94912F05-4DD9-465B-8EC4-649895C817E4}.Release|Mixed Platforms.ActiveCfg = Release|Any CPU
		{94912F05-4DD9-465B-8EC4-649895C817E4}.Release|Mixed Platforms.Build.0 = Release|Any CPU
		{94912F05-4DD9-465B-8EC4-649895C817E4}.Release|x86.ActiveCfg = Release|Any CPU
		{7AE91132-4991-46D0-8AD1-F2BD5B334C0C}.Debug|Any CPU.ActiveCfg = Debug|Any CPU
		{7AE91132-4991-46D0-8AD1-F2BD5B334C0C}.Debug|Any CPU.Build.0 = Debug|Any CPU
		{7AE91132-4991-46D0-8AD1-F2BD5B334C0C}.Debug|Mixed Platforms.ActiveCfg = Debug|Any CPU
		{7AE91132-4991-46D0-8AD1-F2BD5B334C0C}.Debug|Mixed Platforms.Build.0 = Debug|Any CPU
		{7AE91132-4991-46D0-8AD1-F2BD5B334C0C}.Debug|x86.ActiveCfg = Debug|Any CPU
		{7AE91132-4991-46D0-8AD1-F2BD5B334C0C}.Release|Any CPU.ActiveCfg = Release|Any CPU
		{7AE91132-4991-46D0-8AD1-F2BD5B334C0C}.Release|Any CPU.Build.0 = Release|Any CPU
		{7AE91132-4991-46D0-8AD1-F2BD5B334C0C}.Release|Mixed Platforms.ActiveCfg = Release|Any CPU
		{7AE91132-4991-46D0-8AD1-F2BD5B334C0C}.Release|Mixed Platforms.Build.0 = Release|Any CPU
		{7AE91132-4991-46D0-8AD1-F2BD5B334C0C}.Release|x86.ActiveCfg = Release|Any CPU
		{E5FCD204-92CB-4BF5-8018-4536C7052725}.Debug|Any CPU.ActiveCfg = Debug|Any CPU
		{E5FCD204-92CB-4BF5-8018-4536C7052725}.Debug|Any CPU.Build.0 = Debug|Any CPU
		{E5FCD204-92CB-4BF5-8018-4536C7052725}.Debug|Mixed Platforms.ActiveCfg = Debug|Any CPU
		{E5FCD204-92CB-4BF5-8018-4536C7052725}.Debug|Mixed Platforms.Build.0 = Debug|Any CPU
		{E5FCD204-92CB-4BF5-8018-4536C7052725}.Debug|x86.ActiveCfg = Debug|x86
		{E5FCD204-92CB-4BF5-8018-4536C7052725}.Debug|x86.Build.0 = Debug|x86
		{E5FCD204-92CB-4BF5-8018-4536C7052725}.Release|Any CPU.ActiveCfg = Release|x86
		{E5FCD204-92CB-4BF5-8018-4536C7052725}.Release|Mixed Platforms.ActiveCfg = Release|x86
		{E5FCD204-92CB-4BF5-8018-4536C7052725}.Release|Mixed Platforms.Build.0 = Release|x86
		{E5FCD204-92CB-4BF5-8018-4536C7052725}.Release|x86.ActiveCfg = Release|x86
		{E5FCD204-92CB-4BF5-8018-4536C7052725}.Release|x86.Build.0 = Release|x86
		{2B1042B7-7F30-4AE4-9D55-CA9C0DF9F1BC}.Debug|Any CPU.ActiveCfg = Debug|Any CPU
		{2B1042B7-7F30-4AE4-9D55-CA9C0DF9F1BC}.Debug|Any CPU.Build.0 = Debug|Any CPU
		{2B1042B7-7F30-4AE4-9D55-CA9C0DF9F1BC}.Debug|Mixed Platforms.ActiveCfg = Debug|Any CPU
		{2B1042B7-7F30-4AE4-9D55-CA9C0DF9F1BC}.Debug|Mixed Platforms.Build.0 = Debug|Any CPU
		{2B1042B7-7F30-4AE4-9D55-CA9C0DF9F1BC}.Debug|x86.ActiveCfg = Debug|Any CPU
		{2B1042B7-7F30-4AE4-9D55-CA9C0DF9F1BC}.Release|Any CPU.ActiveCfg = Release|Any CPU
		{2B1042B7-7F30-4AE4-9D55-CA9C0DF9F1BC}.Release|Any CPU.Build.0 = Release|Any CPU
		{2B1042B7-7F30-4AE4-9D55-CA9C0DF9F1BC}.Release|Mixed Platforms.ActiveCfg = Release|Any CPU
		{2B1042B7-7F30-4AE4-9D55-CA9C0DF9F1BC}.Release|Mixed Platforms.Build.0 = Release|Any CPU
		{2B1042B7-7F30-4AE4-9D55-CA9C0DF9F1BC}.Release|x86.ActiveCfg = Release|Any CPU
		{33054796-48F2-4F9C-8E25-4EAEEAE8D4A7}.Debug|Any CPU.ActiveCfg = Debug|Any CPU
		{33054796-48F2-4F9C-8E25-4EAEEAE8D4A7}.Debug|Any CPU.Build.0 = Debug|Any CPU
		{33054796-48F2-4F9C-8E25-4EAEEAE8D4A7}.Debug|Mixed Platforms.ActiveCfg = Debug|Any CPU
		{33054796-48F2-4F9C-8E25-4EAEEAE8D4A7}.Debug|Mixed Platforms.Build.0 = Debug|Any CPU
		{33054796-48F2-4F9C-8E25-4EAEEAE8D4A7}.Debug|x86.ActiveCfg = Debug|Any CPU
		{33054796-48F2-4F9C-8E25-4EAEEAE8D4A7}.Release|Any CPU.ActiveCfg = Release|Any CPU
		{33054796-48F2-4F9C-8E25-4EAEEAE8D4A7}.Release|Any CPU.Build.0 = Release|Any CPU
		{33054796-48F2-4F9C-8E25-4EAEEAE8D4A7}.Release|Mixed Platforms.ActiveCfg = Release|Any CPU
		{33054796-48F2-4F9C-8E25-4EAEEAE8D4A7}.Release|Mixed Platforms.Build.0 = Release|Any CPU
		{33054796-48F2-4F9C-8E25-4EAEEAE8D4A7}.Release|x86.ActiveCfg = Release|Any CPU
		{170DDC4D-468D-40CF-B9E0-D48907E9C3E9}.Debug|Any CPU.ActiveCfg = Debug|Any CPU
		{170DDC4D-468D-40CF-B9E0-D48907E9C3E9}.Debug|Any CPU.Build.0 = Debug|Any CPU
		{170DDC4D-468D-40CF-B9E0-D48907E9C3E9}.Debug|Mixed Platforms.ActiveCfg = Debug|Any CPU
		{170DDC4D-468D-40CF-B9E0-D48907E9C3E9}.Debug|Mixed Platforms.Build.0 = Debug|Any CPU
		{170DDC4D-468D-40CF-B9E0-D48907E9C3E9}.Debug|x86.ActiveCfg = Debug|Any CPU
		{170DDC4D-468D-40CF-B9E0-D48907E9C3E9}.Release|Any CPU.ActiveCfg = Release|Any CPU
		{170DDC4D-468D-40CF-B9E0-D48907E9C3E9}.Release|Any CPU.Build.0 = Release|Any CPU
		{170DDC4D-468D-40CF-B9E0-D48907E9C3E9}.Release|Mixed Platforms.ActiveCfg = Release|Any CPU
		{170DDC4D-468D-40CF-B9E0-D48907E9C3E9}.Release|Mixed Platforms.Build.0 = Release|Any CPU
		{170DDC4D-468D-40CF-B9E0-D48907E9C3E9}.Release|x86.ActiveCfg = Release|Any CPU
		{316FD3F5-DFB1-421D-B109-61E18CCF0209}.Debug|Any CPU.ActiveCfg = Debug|Any CPU
		{316FD3F5-DFB1-421D-B109-61E18CCF0209}.Debug|Any CPU.Build.0 = Debug|Any CPU
		{316FD3F5-DFB1-421D-B109-61E18CCF0209}.Debug|Mixed Platforms.ActiveCfg = Debug|Any CPU
		{316FD3F5-DFB1-421D-B109-61E18CCF0209}.Debug|Mixed Platforms.Build.0 = Debug|Any CPU
		{316FD3F5-DFB1-421D-B109-61E18CCF0209}.Debug|x86.ActiveCfg = Debug|Any CPU
		{316FD3F5-DFB1-421D-B109-61E18CCF0209}.Debug|x86.Build.0 = Debug|Any CPU
		{316FD3F5-DFB1-421D-B109-61E18CCF0209}.Release|Any CPU.ActiveCfg = Release|Any CPU
		{316FD3F5-DFB1-421D-B109-61E18CCF0209}.Release|Any CPU.Build.0 = Release|Any CPU
		{316FD3F5-DFB1-421D-B109-61E18CCF0209}.Release|Mixed Platforms.ActiveCfg = Release|Any CPU
		{316FD3F5-DFB1-421D-B109-61E18CCF0209}.Release|Mixed Platforms.Build.0 = Release|Any CPU
		{316FD3F5-DFB1-421D-B109-61E18CCF0209}.Release|x86.ActiveCfg = Release|Any CPU
		{316FD3F5-DFB1-421D-B109-61E18CCF0209}.Release|x86.Build.0 = Release|Any CPU
	EndGlobalSection
	GlobalSection(SolutionProperties) = preSolution
		HideSolutionNode = FALSE
	EndGlobalSection
	GlobalSection(NestedProjects) = preSolution
		{18112502-4BE5-4A85-845E-FD614A052298} = {E063ED20-FECD-4A40-B791-4897D1C32A1F}
		{ED37F772-6D56-4BFF-B1D0-3B9AB26B4951} = {E063ED20-FECD-4A40-B791-4897D1C32A1F}
		{3E523078-3B25-4FAC-8303-8AB619E1AEB1} = {ED37F772-6D56-4BFF-B1D0-3B9AB26B4951}
	EndGlobalSection
EndGlobal
